// !$*UTF8*$!
{
	archiveVersion = 1;
	classes = {
	};
	objectVersion = 46;
	objects = {

/* Begin PBXBuildFile section */
		B264A6721F88F9BA00ADC652 /* TSTapsell.m in Sources */ = {isa = PBXBuildFile; fileRef = B264A6711F88F9BA00ADC652 /* TSTapsell.m */; };
		B264A6731F88F9BA00ADC652 /* TSTapsell.h in CopyFiles */ = {isa = PBXBuildFile; fileRef = B264A6701F88F9BA00ADC652 /* TSTapsell.h */; };
		B29D76971FF4F29C0007819D /* RNTBannerAdManager.m in Sources */ = {isa = PBXBuildFile; fileRef = B29D76961FF4F29C0007819D /* RNTBannerAdManager.m */; };
		B2F5773A1FF13C6000BED2BE /* RNTAdVideoManager.m in Sources */ = {isa = PBXBuildFile; fileRef = B2F577381FF13C5F00BED2BE /* RNTAdVideoManager.m */; };
/* End PBXBuildFile section */

/* Begin PBXCopyFilesBuildPhase section */
		B264A66B1F88F9BA00ADC652 /* CopyFiles */ = {
			isa = PBXCopyFilesBuildPhase;
			buildActionMask = 2147483647;
			dstPath = "include/$(PRODUCT_NAME)";
			dstSubfolderSpec = 16;
			files = (
				B264A6731F88F9BA00ADC652 /* TSTapsell.h in CopyFiles */,
			);
			runOnlyForDeploymentPostprocessing = 0;
		};
/* End PBXCopyFilesBuildPhase section */

/* Begin PBXFileReference section */
		B264A66D1F88F9BA00ADC652 /* libTSTapsell.a */ = {isa = PBXFileReference; explicitFileType = archive.ar; includeInIndex = 0; path = libTSTapsell.a; sourceTree = BUILT_PRODUCTS_DIR; };
		B264A6701F88F9BA00ADC652 /* TSTapsell.h */ = {isa = PBXFileReference; lastKnownFileType = sourcecode.c.h; path = TSTapsell.h; sourceTree = "<group>"; };
		B264A6711F88F9BA00ADC652 /* TSTapsell.m */ = {isa = PBXFileReference; lastKnownFileType = sourcecode.c.objc; path = TSTapsell.m; sourceTree = "<group>"; };
		B264A67A1F88FB5900ADC652 /* TapsellSDKv3.a */ = {isa = PBXFileReference; lastKnownFileType = archive.ar; path = TapsellSDKv3.a; sourceTree = "<group>"; };
		B29D76951FF4F29C0007819D /* RNTBannerAdManager.h */ = {isa = PBXFileReference; lastKnownFileType = sourcecode.c.h; path = RNTBannerAdManager.h; sourceTree = "<group>"; };
		B29D76961FF4F29C0007819D /* RNTBannerAdManager.m */ = {isa = PBXFileReference; lastKnownFileType = sourcecode.c.objc; path = RNTBannerAdManager.m; sourceTree = "<group>"; };
		B2F577381FF13C5F00BED2BE /* RNTAdVideoManager.m */ = {isa = PBXFileReference; fileEncoding = 4; lastKnownFileType = sourcecode.c.objc; path = RNTAdVideoManager.m; sourceTree = "<group>"; };
		B2F577391FF13C6000BED2BE /* RNTAdVideoManager.h */ = {isa = PBXFileReference; fileEncoding = 4; lastKnownFileType = sourcecode.c.h; path = RNTAdVideoManager.h; sourceTree = "<group>"; };
/* End PBXFileReference section */

/* Begin PBXFrameworksBuildPhase section */
		B264A66A1F88F9BA00ADC652 /* Frameworks */ = {
			isa = PBXFrameworksBuildPhase;
			buildActionMask = 2147483647;
			files = (
			);
			runOnlyForDeploymentPostprocessing = 0;
		};
/* End PBXFrameworksBuildPhase section */

/* Begin PBXGroup section */
		B264A6641F88F9BA00ADC652 = {
			isa = PBXGroup;
			children = (
				B264A66F1F88F9BA00ADC652 /* TSTapsell */,
				B264A66E1F88F9BA00ADC652 /* Products */,
				B264A6791F88FB5800ADC652 /* Frameworks */,
			);
			sourceTree = "<group>";
		};
		B264A66E1F88F9BA00ADC652 /* Products */ = {
			isa = PBXGroup;
			children = (
				B264A66D1F88F9BA00ADC652 /* libTSTapsell.a */,
			);
			name = Products;
			sourceTree = "<group>";
		};
		B264A66F1F88F9BA00ADC652 /* TSTapsell */ = {
			isa = PBXGroup;
			children = (
				B29D76951FF4F29C0007819D /* RNTBannerAdManager.h */,
				B29D76961FF4F29C0007819D /* RNTBannerAdManager.m */,
				B2F577391FF13C6000BED2BE /* RNTAdVideoManager.h */,
				B2F577381FF13C5F00BED2BE /* RNTAdVideoManager.m */,
				B264A6701F88F9BA00ADC652 /* TSTapsell.h */,
				B264A6711F88F9BA00ADC652 /* TSTapsell.m */,
			);
			path = TSTapsell;
			sourceTree = "<group>";
		};
		B264A6791F88FB5800ADC652 /* Frameworks */ = {
			isa = PBXGroup;
			children = (
				B264A67A1F88FB5900ADC652 /* TapsellSDKv3.a */,
			);
			name = Frameworks;
			sourceTree = "<group>";
		};
/* End PBXGroup section */

/* Begin PBXNativeTarget section */
		B264A66C1F88F9BA00ADC652 /* TSTapsell */ = {
			isa = PBXNativeTarget;
			buildConfigurationList = B264A6761F88F9BA00ADC652 /* Build configuration list for PBXNativeTarget "TSTapsell" */;
			buildPhases = (
				B264A6691F88F9BA00ADC652 /* Sources */,
				B264A66A1F88F9BA00ADC652 /* Frameworks */,
				B264A66B1F88F9BA00ADC652 /* CopyFiles */,
			);
			buildRules = (
			);
			dependencies = (
			);
			name = TSTapsell;
			productName = TSTapsell;
			productReference = B264A66D1F88F9BA00ADC652 /* libTSTapsell.a */;
			productType = "com.apple.product-type.library.static";
		};
/* End PBXNativeTarget section */

/* Begin PBXProject section */
		B264A6651F88F9BA00ADC652 /* Project object */ = {
			isa = PBXProject;
			attributes = {
				LastUpgradeCheck = 0830;
				ORGANIZATIONNAME = Tapsell;
				TargetAttributes = {
					B264A66C1F88F9BA00ADC652 = {
						CreatedOnToolsVersion = 8.3.2;
						DevelopmentTeam = B86UJLD9TA;
						ProvisioningStyle = Automatic;
					};
				};
			};
			buildConfigurationList = B264A6681F88F9BA00ADC652 /* Build configuration list for PBXProject "TSTapsell" */;
			compatibilityVersion = "Xcode 3.2";
			developmentRegion = English;
			hasScannedForEncodings = 0;
			knownRegions = (
				en,
			);
			mainGroup = B264A6641F88F9BA00ADC652;
			productRefGroup = B264A66E1F88F9BA00ADC652 /* Products */;
			projectDirPath = "";
			projectRoot = "";
			targets = (
				B264A66C1F88F9BA00ADC652 /* TSTapsell */,
			);
		};
/* End PBXProject section */

/* Begin PBXSourcesBuildPhase section */
		B264A6691F88F9BA00ADC652 /* Sources */ = {
			isa = PBXSourcesBuildPhase;
			buildActionMask = 2147483647;
			files = (
				B264A6721F88F9BA00ADC652 /* TSTapsell.m in Sources */,
				B2F5773A1FF13C6000BED2BE /* RNTAdVideoManager.m in Sources */,
				B29D76971FF4F29C0007819D /* RNTBannerAdManager.m in Sources */,
			);
			runOnlyForDeploymentPostprocessing = 0;
		};
/* End PBXSourcesBuildPhase section */

/* Begin XCBuildConfiguration section */
		B264A6741F88F9BA00ADC652 /* Debug */ = {
			isa = XCBuildConfiguration;
			buildSettings = {
				ALWAYS_SEARCH_USER_PATHS = NO;
				CLANG_ANALYZER_NONNULL = YES;
				CLANG_ANALYZER_NUMBER_OBJECT_CONVERSION = YES_AGGRESSIVE;
				CLANG_CXX_LANGUAGE_STANDARD = "gnu++0x";
				CLANG_CXX_LIBRARY = "libc++";
				CLANG_ENABLE_MODULES = YES;
				CLANG_ENABLE_OBJC_ARC = YES;
				CLANG_WARN_BOOL_CONVERSION = YES;
				CLANG_WARN_CONSTANT_CONVERSION = YES;
				CLANG_WARN_DIRECT_OBJC_ISA_USAGE = YES_ERROR;
				CLANG_WARN_DOCUMENTATION_COMMENTS = YES;
				CLANG_WARN_EMPTY_BODY = YES;
				CLANG_WARN_ENUM_CONVERSION = YES;
				CLANG_WARN_INFINITE_RECURSION = YES;
				CLANG_WARN_INT_CONVERSION = YES;
				CLANG_WARN_OBJC_ROOT_CLASS = YES_ERROR;
				CLANG_WARN_SUSPICIOUS_MOVE = YES;
				CLANG_WARN_UNREACHABLE_CODE = YES;
				CLANG_WARN__DUPLICATE_METHOD_MATCH = YES;
				"CODE_SIGN_IDENTITY[sdk=iphoneos*]" = "iPhone Developer";
				COPY_PHASE_STRIP = NO;
				DEBUG_INFORMATION_FORMAT = dwarf;
				ENABLE_STRICT_OBJC_MSGSEND = YES;
				ENABLE_TESTABILITY = YES;
				GCC_C_LANGUAGE_STANDARD = gnu99;
				GCC_DYNAMIC_NO_PIC = NO;
				GCC_NO_COMMON_BLOCKS = YES;
				GCC_OPTIMIZATION_LEVEL = 0;
				GCC_PREPROCESSOR_DEFINITIONS = (
					"DEBUG=1",
					"$(inherited)",
				);
				GCC_WARN_64_TO_32_BIT_CONVERSION = YES;
				GCC_WARN_ABOUT_RETURN_TYPE = YES_ERROR;
				GCC_WARN_UNDECLARED_SELECTOR = YES;
				GCC_WARN_UNINITIALIZED_AUTOS = YES_AGGRESSIVE;
				GCC_WARN_UNUSED_FUNCTION = YES;
				GCC_WARN_UNUSED_VARIABLE = YES;
				IPHONEOS_DEPLOYMENT_TARGET = 10.3;
				MTL_ENABLE_DEBUG_INFO = YES;
				ONLY_ACTIVE_ARCH = YES;
				SDKROOT = iphoneos;
			};
			name = Debug;
		};
		B264A6751F88F9BA00ADC652 /* Release */ = {
			isa = XCBuildConfiguration;
			buildSettings = {
				ALWAYS_SEARCH_USER_PATHS = NO;
				CLANG_ANALYZER_NONNULL = YES;
				CLANG_ANALYZER_NUMBER_OBJECT_CONVERSION = YES_AGGRESSIVE;
				CLANG_CXX_LANGUAGE_STANDARD = "gnu++0x";
				CLANG_CXX_LIBRARY = "libc++";
				CLANG_ENABLE_MODULES = YES;
				CLANG_ENABLE_OBJC_ARC = YES;
				CLANG_WARN_BOOL_CONVERSION = YES;
				CLANG_WARN_CONSTANT_CONVERSION = YES;
				CLANG_WARN_DIRECT_OBJC_ISA_USAGE = YES_ERROR;
				CLANG_WARN_DOCUMENTATION_COMMENTS = YES;
				CLANG_WARN_EMPTY_BODY = YES;
				CLANG_WARN_ENUM_CONVERSION = YES;
				CLANG_WARN_INFINITE_RECURSION = YES;
				CLANG_WARN_INT_CONVERSION = YES;
				CLANG_WARN_OBJC_ROOT_CLASS = YES_ERROR;
				CLANG_WARN_SUSPICIOUS_MOVE = YES;
				CLANG_WARN_UNREACHABLE_CODE = YES;
				CLANG_WARN__DUPLICATE_METHOD_MATCH = YES;
				"CODE_SIGN_IDENTITY[sdk=iphoneos*]" = "iPhone Developer";
				COPY_PHASE_STRIP = NO;
				DEBUG_INFORMATION_FORMAT = "dwarf-with-dsym";
				ENABLE_NS_ASSERTIONS = NO;
				ENABLE_STRICT_OBJC_MSGSEND = YES;
				GCC_C_LANGUAGE_STANDARD = gnu99;
				GCC_NO_COMMON_BLOCKS = YES;
				GCC_WARN_64_TO_32_BIT_CONVERSION = YES;
				GCC_WARN_ABOUT_RETURN_TYPE = YES_ERROR;
				GCC_WARN_UNDECLARED_SELECTOR = YES;
				GCC_WARN_UNINITIALIZED_AUTOS = YES_AGGRESSIVE;
				GCC_WARN_UNUSED_FUNCTION = YES;
				GCC_WARN_UNUSED_VARIABLE = YES;
				IPHONEOS_DEPLOYMENT_TARGET = 10.3;
				MTL_ENABLE_DEBUG_INFO = NO;
				SDKROOT = iphoneos;
				VALIDATE_PRODUCT = YES;
			};
			name = Release;
		};
		B264A6771F88F9BA00ADC652 /* Debug */ = {
			isa = XCBuildConfiguration;
			buildSettings = {
				DEVELOPMENT_TEAM = B86UJLD9TA;
				FRAMEWORK_SEARCH_PATHS = "../../../ios/**";
				LIBRARY_SEARCH_PATHS = (
					"$(inherited)",
					"$(PROJECT_DIR)",
				);
				OTHER_LDFLAGS = "-ObjC";
				PRODUCT_NAME = "$(TARGET_NAME)";
				SKIP_INSTALL = YES;
			};
			name = Debug;
		};
		B264A6781F88F9BA00ADC652 /* Release */ = {
			isa = XCBuildConfiguration;
			buildSettings = {
				DEVELOPMENT_TEAM = B86UJLD9TA;
				FRAMEWORK_SEARCH_PATHS = "../../../ios/**";
				LIBRARY_SEARCH_PATHS = (
					"$(inherited)",
					"$(PROJECT_DIR)",
				);
				OTHER_LDFLAGS = "-ObjC";
				PRODUCT_NAME = "$(TARGET_NAME)";
				SKIP_INSTALL = YES;
			};
			name = Release;
		};
/* End XCBuildConfiguration section */

/* Begin XCConfigurationList section */
		B264A6681F88F9BA00ADC652 /* Build configuration list for PBXProject "TSTapsell" */ = {
			isa = XCConfigurationList;
			buildConfigurations = (
				B264A6741F88F9BA00ADC652 /* Debug */,
				B264A6751F88F9BA00ADC652 /* Release */,
			);
			defaultConfigurationIsVisible = 0;
			defaultConfigurationName = Release;
		};
		B264A6761F88F9BA00ADC652 /* Build configuration list for PBXNativeTarget "TSTapsell" */ = {
			isa = XCConfigurationList;
			buildConfigurations = (
				B264A6771F88F9BA00ADC652 /* Debug */,
				B264A6781F88F9BA00ADC652 /* Release */,
			);
			defaultConfigurationIsVisible = 0;
			defaultConfigurationName = Release;
		};
/* End XCConfigurationList section */
	};
	rootObject = B264A6651F88F9BA00ADC652 /* Project object */;
}
